
Microsoft Visual Studio Solution File, Format Version 12.00
# Visual Studio Version 17
VisualStudioVersion = 17.0.31919.166
MinimumVisualStudioVersion = 10.0.40219.1
Project("{FAE04EC0-301F-11D3-BF4B-00C04F79EFBC}") = "Praktika", "Praktika.csproj", "{15AF377D-2DEA-472F-B138-0681C34F0AF7}"
EndProject
Global
	GlobalSection(SolutionConfigurationPlatforms) = preSolution
		Debug|Any CPU = Debug|Any CPU
		Release|Any CPU = Release|Any CPU
	EndGlobalSection
	GlobalSection(ProjectConfigurationPlatforms) = postSolution
		{15AF377D-2DEA-472F-B138-0681C34F0AF7}.Debug|Any CPU.ActiveCfg = Debug|Any CPU
		{15AF377D-2DEA-472F-B138-0681C34F0AF7}.Debug|Any CPU.Build.0 = Debug|Any CPU
		{15AF377D-2DEA-472F-B138-0681C34F0AF7}.Release|Any CPU.ActiveCfg = Release|Any CPU
		{15AF377D-2DEA-472F-B138-0681C34F0AF7}.Release|Any CPU.Build.0 = Release|Any CPU
	EndGlobalSection
	GlobalSection(SolutionProperties) = preSolution
		HideSolutionNode = FALSE
	EndGlobalSection
	GlobalSection(ExtensibilityGlobals) = postSolution
		SolutionGuid = {E08901B6-AE37-40FE-8CB9-5CEF6C37BA0B}
	EndGlobalSection
EndGlobal
